Microsoft Visual Studio Solution File, Format Version 12.00
# Visual Studio Version 17
VisualStudioVersion = 17.5.2.0
MinimumVisualStudioVersion = 10.0.40219.1
Project("{2150E333-8FDC-42A3-9474-1A3956D46DE8}") = "VisorMatCSharp", "VisorMatCSharp", "{125D8CFC-AE04-437F-5CB4-7F8700BA057A}"
EndProject
Project("{FAE04EC0-301F-11D3-BF4B-00C04F79EFBC}") = "VisorMat", "VisorMatCSharp\VisorMat\VisorMat.csproj", "{9E37E08A-8F89-5235-39AB-2201029CFC28}"
EndProject
Global
	GlobalSection(SolutionConfigurationPlatforms) = preSolution
		Debug|Any CPU = Debug|Any CPU
		Release|Any CPU = Release|Any CPU
	EndGlobalSection
	GlobalSection(ProjectConfigurationPlatforms) = postSolution
		{9E37E08A-8F89-5235-39AB-2201029CFC28}.Debug|Any CPU.ActiveCfg = Debug|Any CPU
		{9E37E08A-8F89-5235-39AB-2201029CFC28}.Debug|Any CPU.Build.0 = Debug|Any CPU
		{9E37E08A-8F89-5235-39AB-2201029CFC28}.Release|Any CPU.ActiveCfg = Release|Any CPU
		{9E37E08A-8F89-5235-39AB-2201029CFC28}.Release|Any CPU.Build.0 = Release|Any CPU
	EndGlobalSection
	GlobalSection(SolutionProperties) = preSolution
		HideSolutionNode = FALSE
	EndGlobalSection
	GlobalSection(NestedProjects) = preSolution
		{9E37E08A-8F89-5235-39AB-2201029CFC28} = {125D8CFC-AE04-437F-5CB4-7F8700BA057A}
	EndGlobalSection
	GlobalSection(ExtensibilityGlobals) = postSolution
		SolutionGuid = {B04007DC-1A46-494F-88AB-781E4B2AE0EE}
	EndGlobalSection
EndGlobal
